// !$*UTF8*$!
{
	archiveVersion = 1;
	classes = {
	};
	objectVersion = 50;
	objects = {

/* Begin PBXBuildFile section */
		5BC6A24523C760ED00E0CCEC /* AppDelegate.swift in Sources */ = {isa = PBXBuildFile; fileRef = 5BC6A24423C760ED00E0CCEC /* AppDelegate.swift */; };
		5BC6A24723C760ED00E0CCEC /* SceneDelegate.swift in Sources */ = {isa = PBXBuildFile; fileRef = 5BC6A24623C760ED00E0CCEC /* SceneDelegate.swift */; };
		5BC6A24923C760ED00E0CCEC /* ViewController.swift in Sources */ = {isa = PBXBuildFile; fileRef = 5BC6A24823C760ED00E0CCEC /* ViewController.swift */; };
		5BC6A24C23C760ED00E0CCEC /* Main.storyboard in Resources */ = {isa = PBXBuildFile; fileRef = 5BC6A24A23C760ED00E0CCEC /* Main.storyboard */; };
		5BC6A24E23C760EE00E0CCEC /* Assets.xcassets in Resources */ = {isa = PBXBuildFile; fileRef = 5BC6A24D23C760EE00E0CCEC /* Assets.xcassets */; };
		5BC6A25123C760EE00E0CCEC /* LaunchScreen.storyboard in Resources */ = {isa = PBXBuildFile; fileRef = 5BC6A24F23C760EE00E0CCEC /* LaunchScreen.storyboard */; };
/* End PBXBuildFile section */

/* Begin PBXFileReference section */
		5BC6A24123C760ED00E0CCEC /* Chapter03-NavigationBar.app */ = {isa = PBXFileReference; explicitFileType = wrapper.application; includeInIndex = 0; path = "Chapter03-NavigationBar.app"; sourceTree = BUILT_PRODUCTS_DIR; };
		5BC6A24423C760ED00E0CCEC /* AppDelegate.swift */ = {isa = PBXFileReference; lastKnownFileType = sourcecode.swift; path = AppDelegate.swift; sourceTree = "<group>"; };
		5BC6A24623C760ED00E0CCEC /* SceneDelegate.swift */ = {isa = PBXFileReference; lastKnownFileType = sourcecode.swift; path = SceneDelegate.swift; sourceTree = "<group>"; };
		5BC6A24823C760ED00E0CCEC /* ViewController.swift */ = {isa = PBXFileReference; lastKnownFileType = sourcecode.swift; path = ViewController.swift; sourceTree = "<group>"; };
		5BC6A24B23C760ED00E0CCEC /* Base */ = {isa = PBXFileReference; lastKnownFileType = file.storyboard; name = Base; path = Base.lproj/Main.storyboard; sourceTree = "<group>"; };
		5BC6A24D23C760EE00E0CCEC /* Assets.xcassets */ = {isa = PBXFileReference; lastKnownFileType = folder.assetcatalog; path = Assets.xcassets; sourceTree = "<group>"; };
		5BC6A25023C760EE00E0CCEC /* Base */ = {isa = PBXFileReference; lastKnownFileType = file.storyboard; name = Base; path = Base.lproj/LaunchScreen.storyboard; sourceTree = "<group>"; };
		5BC6A25223C760EE00E0CCEC /* Info.plist */ = {isa = PBXFileReference; lastKnownFileType = text.plist.xml; path = Info.plist; sourceTree = "<group>"; };
/* End PBXFileReference section */

/* Begin PBXFrameworksBuildPhase section */
		5BC6A23E23C760ED00E0CCEC /* Frameworks */ = {
			isa = PBXFrameworksBuildPhase;
			buildActionMask = 2147483647;
			files = (
			);
			runOnlyForDeploymentPostprocessing = 0;
		};
/* End PBXFrameworksBuildPhase section */

/* Begin PBXGroup section */
		5BC6A23823C760ED00E0CCEC = {
			isa = PBXGroup;
			children = (
				5BC6A24323C760ED00E0CCEC /* Chapter03-NavigationBar */,
				5BC6A24223C760ED00E0CCEC /* Products */,
			);
			sourceTree = "<group>";
		};
		5BC6A24223C760ED00E0CCEC /* Products */ = {
			isa = PBXGroup;
			children = (
				5BC6A24123C760ED00E0CCEC /* Chapter03-NavigationBar.app */,
			);
			name = Products;
			sourceTree = "<group>";
		};
		5BC6A24323C760ED00E0CCEC /* Chapter03-NavigationBar */ = {
			isa = PBXGroup;
			children = (
				5BC6A24423C760ED00E0CCEC /* AppDelegate.swift */,
				5BC6A24623C760ED00E0CCEC /* SceneDelegate.swift */,
				5BC6A24823C760ED00E0CCEC /* ViewController.swift */,
				5BC6A24A23C760ED00E0CCEC /* Main.storyboard */,
				5BC6A24D23C760EE00E0CCEC /* Assets.xcassets */,
				5BC6A24F23C760EE00E0CCEC /* LaunchScreen.storyboard */,
				5BC6A25223C760EE00E0CCEC /* Info.plist */,
			);
			path = "Chapter03-NavigationBar";
			sourceTree = "<group>";
		};
/* End PBXGroup section */

/* Begin PBXNativeTarget section */
		5BC6A24023C760ED00E0CCEC /* Chapter03-NavigationBar */ = {
			isa = PBXNativeTarget;
			buildConfigurationList = 5BC6A25523C760EE00E0CCEC /* Build configuration list for PBXNativeTarget "Chapter03-NavigationBar" */;
			buildPhases = (
				5BC6A23D23C760ED00E0CCEC /* Sources */,
				5BC6A23E23C760ED00E0CCEC /* Frameworks */,
				5BC6A23F23C760ED00E0CCEC /* Resources */,
			);
			buildRules = (
			);
			dependencies = (
			);
			name = "Chapter03-NavigationBar";
			productName = "Chapter03-NavigationBar";
			productReference = 5BC6A24123C760ED00E0CCEC /* Chapter03-NavigationBar.app */;
			productType = "com.apple.product-type.application";
		};
/* End PBXNativeTarget section */

/* Begin PBXProject section */
		5BC6A23923C760ED00E0CCEC /* Project object */ = {
			isa = PBXProject;
			attributes = {
				LastSwiftUpdateCheck = 1130;
				LastUpgradeCheck = 1130;
				ORGANIZATIONNAME = JSPRO;
				TargetAttributes = {
					5BC6A24023C760ED00E0CCEC = {
						CreatedOnToolsVersion = 11.3;
					};
				};
			};
			buildConfigurationList = 5BC6A23C23C760ED00E0CCEC /* Build configuration list for PBXProject "Chapter03-NavigationBar" */;
			compatibilityVersion = "Xcode 9.3";
			developmentRegion = en;
			hasScannedForEncodings = 0;
			knownRegions = (
				en,
				Base,
			);
			mainGroup = 5BC6A23823C760ED00E0CCEC;
			productRefGroup = 5BC6A24223C760ED00E0CCEC /* Products */;
			projectDirPath = "";
			projectRoot = "";
			targets = (
				5BC6A24023C760ED00E0CCEC /* Chapter03-NavigationBar */,
			);
		};
/* End PBXProject section */

/* Begin PBXResourcesBuildPhase section */
		5BC6A23F23C760ED00E0CCEC /* Resources */ = {
			isa = PBXResourcesBuildPhase;
			buildActionMask = 2147483647;
			files = (
				5BC6A25123C760EE00E0CCEC /* LaunchScreen.storyboard in Resources */,
				5BC6A24E23C760EE00E0CCEC /* Assets.xcassets in Resources */,
				5BC6A24C23C760ED00E0CCEC /* Main.storyboard in Resources */,
			);
			runOnlyForDeploymentPostprocessing = 0;
		};
/* End PBXResourcesBuildPhase section */

/* Begin PBXSourcesBuildPhase section */
		5BC6A23D23C760ED00E0CCEC /* Sources */ = {
			isa = PBXSourcesBuildPhase;
			buildActionMask = 2147483647;
			files = (
				5BC6A24923C760ED00E0CCEC /* ViewController.swift in Sources */,
				5BC6A24523C760ED00E0CCEC /* AppDelegate.swift in Sources */,
				5BC6A24723C760ED00E0CCEC /* SceneDelegate.swift in Sources */,
			);
			runOnlyForDeploymentPostprocessing = 0;
		};
/* End PBXSourcesBuildPhase section */

/* Begin PBXVariantGroup section */
		5BC6A24A23C760ED00E0CCEC /* Main.storyboard */ = {
			isa = PBXVariantGroup;
			children = (
				5BC6A24B23C760ED00E0CCEC /* Base */,
			);
			name = Main.storyboard;
			sourceTree = "<group>";
		};
		5BC6A24F23C760EE00E0CCEC /* LaunchScreen.storyboard */ = {
			isa = PBXVariantGroup;
			children = (
				5BC6A25023C760EE00E0CCEC /* Base */,
			);
			name = LaunchScreen.storyboard;
			sourceTree = "<group>";
		};
/* End PBXVariantGroup section */

/* Begin XCBuildConfiguration section */
		5BC6A25323C760EE00E0CCEC /* Debug */ = {
			isa = XCBuildConfiguration;
			buildSettings = {
				ALWAYS_SEARCH_USER_PATHS = NO;
				CLANG_ANALYZER_NONNULL = YES;
				CLANG_ANALYZER_NUMBER_OBJECT_CONVERSION = YES_AGGRESSIVE;
				CLANG_CXX_LANGUAGE_STANDARD = "gnu++14";
				CLANG_CXX_LIBRARY = "libc++";
				CLANG_ENABLE_MODULES = YES;
				CLANG_ENABLE_OBJC_ARC = YES;
				CLANG_ENABLE_OBJC_WEAK = YES;
				CLANG_WARN_BLOCK_CAPTURE_AUTORELEASING = YES;
				CLANG_WARN_BOOL_CONVERSION = YES;
				CLANG_WARN_COMMA = YES;
				CLANG_WARN_CONSTANT_CONVERSION = YES;
				CLANG_WARN_DEPRECATED_OBJC_IMPLEMENTATIONS = YES;
				CLANG_WARN_DIRECT_OBJC_ISA_USAGE = YES_ERROR;
				CLANG_WARN_DOCUMENTATION_COMMENTS = YES;
				CLANG_WARN_EMPTY_BODY = YES;
				CLANG_WARN_ENUM_CONVERSION = YES;
				CLANG_WARN_INFINITE_RECURSION = YES;
				CLANG_WARN_INT_CONVERSION = YES;
				CLANG_WARN_NON_LITERAL_NULL_CONVERSION = YES;
				CLANG_WARN_OBJC_IMPLICIT_RETAIN_SELF = YES;
				CLANG_WARN_OBJC_LITERAL_CONVERSION = YES;
				CLANG_WARN_OBJC_ROOT_CLASS = YES_ERROR;
				CLANG_WARN_RANGE_LOOP_ANALYSIS = YES;
				CLANG_WARN_STRICT_PROTOTYPES = YES;
				CLANG_WARN_SUSPICIOUS_MOVE = YES;
				CLANG_WARN_UNGUARDED_AVAILABILITY = YES_AGGRESSIVE;
				CLANG_WARN_UNREACHABLE_CODE = YES;
				CLANG_WARN__DUPLICATE_METHOD_MATCH = YES;
				COPY_PHASE_STRIP = NO;
				DEBUG_INFORMATION_FORMAT = dwarf;
				ENABLE_STRICT_OBJC_MSGSEND = YES;
				ENABLE_TESTABILITY = YES;
				GCC_C_LANGUAGE_STANDARD = gnu11;
				GCC_DYNAMIC_NO_PIC = NO;
				GCC_NO_COMMON_BLOCKS = YES;
				GCC_OPTIMIZATION_LEVEL = 0;
				GCC_PREPROCESSOR_DEFINITIONS = (
					"DEBUG=1",
					"$(inherited)",
				);
				GCC_WARN_64_TO_32_BIT_CONVERSION = YES;
				GCC_WARN_ABOUT_RETURN_TYPE = YES_ERROR;
				GCC_WARN_UNDECLARED_SELECTOR = YES;
				GCC_WARN_UNINITIALIZED_AUTOS = YES_AGGRESSIVE;
				GCC_WARN_UNUSED_FUNCTION = YES;
				GCC_WARN_UNUSED_VARIABLE = YES;
				IPHONEOS_DEPLOYMENT_TARGET = 13.2;
				MTL_ENABLE_DEBUG_INFO = INCLUDE_SOURCE;
				MTL_FAST_MATH = YES;
				ONLY_ACTIVE_ARCH = YES;
				SDKROOT = iphoneos;
				SWIFT_ACTIVE_COMPILATION_CONDITIONS = DEBUG;
				SWIFT_OPTIMIZATION_LEVEL = "-Onone";
			};
			name = Debug;
		};
		5BC6A25423C760EE00E0CCEC /* Release */ = {
			isa = XCBuildConfiguration;
			buildSettings = {
				ALWAYS_SEARCH_USER_PATHS = NO;
				CLANG_ANALYZER_NONNULL = YES;
				CLANG_ANALYZER_NUMBER_OBJECT_CONVERSION = YES_AGGRESSIVE;
				CLANG_CXX_LANGUAGE_STANDARD = "gnu++14";
				CLANG_CXX_LIBRARY = "libc++";
				CLANG_ENABLE_MODULES = YES;
				CLANG_ENABLE_OBJC_ARC = YES;
				CLANG_ENABLE_OBJC_WEAK = YES;
				CLANG_WARN_BLOCK_CAPTURE_AUTORELEASING = YES;
				CLANG_WARN_BOOL_CONVERSION = YES;
				CLANG_WARN_COMMA = YES;
				CLANG_WARN_CONSTANT_CONVERSION = YES;
				CLANG_WARN_DEPRECATED_OBJC_IMPLEMENTATIONS = YES;
				CLANG_WARN_DIRECT_OBJC_ISA_USAGE = YES_ERROR;
				CLANG_WARN_DOCUMENTATION_COMMENTS = YES;
				CLANG_WARN_EMPTY_BODY = YES;
				CLANG_WARN_ENUM_CONVERSION = YES;
				CLANG_WARN_INFINITE_RECURSION = YES;
				CLANG_WARN_INT_CONVERSION = YES;
				CLANG_WARN_NON_LITERAL_NULL_CONVERSION = YES;
				CLANG_WARN_OBJC_IMPLICIT_RETAIN_SELF = YES;
				CLANG_WARN_OBJC_LITERAL_CONVERSION = YES;
				CLANG_WARN_OBJC_ROOT_CLASS = YES_ERROR;
				CLANG_WARN_RANGE_LOOP_ANALYSIS = YES;
				CLANG_WARN_STRICT_PROTOTYPES = YES;
				CLANG_WARN_SUSPICIOUS_MOVE = YES;
				CLANG_WARN_UNGUARDED_AVAILABILITY = YES_AGGRESSIVE;
				CLANG_WARN_UNREACHABLE_CODE = YES;
				CLANG_WARN__DUPLICATE_METHOD_MATCH = YES;
				COPY_PHASE_STRIP = NO;
				DEBUG_INFORMATION_FORMAT = "dwarf-with-dsym";
				ENABLE_NS_ASSERTIONS = NO;
				ENABLE_STRICT_OBJC_MSGSEND = YES;
				GCC_C_LANGUAGE_STANDARD = gnu11;
				GCC_NO_COMMON_BLOCKS = YES;
				GCC_WARN_64_TO_32_BIT_CONVERSION = YES;
				GCC_WARN_ABOUT_RETURN_TYPE = YES_ERROR;
				GCC_WARN_UNDECLARED_SELECTOR = YES;
				GCC_WARN_UNINITIALIZED_AUTOS = YES_AGGRESSIVE;
				GCC_WARN_UNUSED_FUNCTION = YES;
				GCC_WARN_UNUSED_VARIABLE = YES;
				IPHONEOS_DEPLOYMENT_TARGET = 13.2;
				MTL_ENABLE_DEBUG_INFO = NO;
				MTL_FAST_MATH = YES;
				SDKROOT = iphoneos;
				SWIFT_COMPILATION_MODE = wholemodule;
				SWIFT_OPTIMIZATION_LEVEL = "-O";
				VALIDATE_PRODUCT = YES;
			};
			name = Release;
		};
		5BC6A25623C760EE00E0CCEC /* Debug */ = {
			isa = XCBuildConfiguration;
			buildSettings = {
				ASSETCATALOG_COMPILER_APPICON_NAME = AppIcon;
				CODE_SIGN_STYLE = Automatic;
				DEVELOPMENT_TEAM = DAH3QXS8T7;
				INFOPLIST_FILE = "Chapter03-NavigationBar/Info.plist";
				LD_RUNPATH_SEARCH_PATHS = (
					"$(inherited)",
					"@executable_path/Frameworks",
				);
				PRODUCT_BUNDLE_IDENTIFIER = "com.kakao.Chapter03-NavigationBar";
				PRODUCT_NAME = "$(TARGET_NAME)";
				SWIFT_VERSION = 5.0;
				TARGETED_DEVICE_FAMILY = "1,2";
			};
			name = Debug;
		};
		5BC6A25723C760EE00E0CCEC /* Release */ = {
			isa = XCBuildConfiguration;
			buildSettings = {
				ASSETCATALOG_COMPILER_APPICON_NAME = AppIcon;
				CODE_SIGN_STYLE = Automatic;
				DEVELOPMENT_TEAM = DAH3QXS8T7;
				INFOPLIST_FILE = "Chapter03-NavigationBar/Info.plist";
				LD_RUNPATH_SEARCH_PATHS = (
					"$(inherited)",
					"@executable_path/Frameworks",
				);
				PRODUCT_BUNDLE_IDENTIFIER = "com.kakao.Chapter03-NavigationBar";
				PRODUCT_NAME = "$(TARGET_NAME)";
				SWIFT_VERSION = 5.0;
				TARGETED_DEVICE_FAMILY = "1,2";
			};
			name = Release;
		};
/* End XCBuildConfiguration section */

/* Begin XCConfigurationList section */
		5BC6A23C23C760ED00E0CCEC /* Build configuration list for PBXProject "Chapter03-NavigationBar" */ = {
			isa = XCConfigurationList;
			buildConfigurations = (
				5BC6A25323C760EE00E0CCEC /* Debug */,
				5BC6A25423C760EE00E0CCEC /* Release */,
			);
			defaultConfigurationIsVisible = 0;
			defaultConfigurationName = Release;
		};
		5BC6A25523C760EE00E0CCEC /* Build configuration list for PBXNativeTarget "Chapter03-NavigationBar" */ = {
			isa = XCConfigurationList;
			buildConfigurations = (
				5BC6A25623C760EE00E0CCEC /* Debug */,
				5BC6A25723C760EE00E0CCEC /* Release */,
			);
			defaultConfigurationIsVisible = 0;
			defaultConfigurationName = Release;
		};
/* End XCConfigurationList section */
	};
	rootObject = 5BC6A23923C760ED00E0CCEC /* Project object */;
}
